// !$*UTF8*$!
{
	archiveVersion = 1;
	classes = {
	};
	objectVersion = 50;
	objects = {

/* Begin PBXBuildFile section */
		C1DDBF68249B4D5B00B378A9 /* AppDelegate.swift in Sources */ = {isa = PBXBuildFile; fileRef = C1DDBF67249B4D5B00B378A9 /* AppDelegate.swift */; };
		C1DDBF6A249B4D5B00B378A9 /* SceneDelegate.swift in Sources */ = {isa = PBXBuildFile; fileRef = C1DDBF69249B4D5B00B378A9 /* SceneDelegate.swift */; };
		C1DDBF6C249B4D5B00B378A9 /* ContentView.swift in Sources */ = {isa = PBXBuildFile; fileRef = C1DDBF6B249B4D5B00B378A9 /* ContentView.swift */; };
		C1DDBF6E249B4D5C00B378A9 /* Assets.xcassets in Resources */ = {isa = PBXBuildFile; fileRef = C1DDBF6D249B4D5C00B378A9 /* Assets.xcassets */; };
		C1DDBF71249B4D5C00B378A9 /* Preview Assets.xcassets in Resources */ = {isa = PBXBuildFile; fileRef = C1DDBF70249B4D5C00B378A9 /* Preview Assets.xcassets */; };
		C1DDBF74249B4D5C00B378A9 /* LaunchScreen.storyboard in Resources */ = {isa = PBXBuildFile; fileRef = C1DDBF72249B4D5C00B378A9 /* LaunchScreen.storyboard */; };
		C1DDBF7C249B531500B378A9 /* SwiftUIView2.swift in Sources */ = {isa = PBXBuildFile; fileRef = C1DDBF7B249B531500B378A9 /* SwiftUIView2.swift */; };
		C1DDBF7E249B545300B378A9 /* SwiftUIView3.swift in Sources */ = {isa = PBXBuildFile; fileRef = C1DDBF7D249B545300B378A9 /* SwiftUIView3.swift */; };
		C1DDBF80249B666500B378A9 /* SwiftUIView4.swift in Sources */ = {isa = PBXBuildFile; fileRef = C1DDBF7F249B666500B378A9 /* SwiftUIView4.swift */; };
/* End PBXBuildFile section */

/* Begin PBXFileReference section */
		C1DDBF64249B4D5B00B378A9 /* chapter31Review2.app */ = {isa = PBXFileReference; explicitFileType = wrapper.application; includeInIndex = 0; path = chapter31Review2.app; sourceTree = BUILT_PRODUCTS_DIR; };
		C1DDBF67249B4D5B00B378A9 /* AppDelegate.swift */ = {isa = PBXFileReference; lastKnownFileType = sourcecode.swift; path = AppDelegate.swift; sourceTree = "<group>"; };
		C1DDBF69249B4D5B00B378A9 /* SceneDelegate.swift */ = {isa = PBXFileReference; lastKnownFileType = sourcecode.swift; path = SceneDelegate.swift; sourceTree = "<group>"; };
		C1DDBF6B249B4D5B00B378A9 /* ContentView.swift */ = {isa = PBXFileReference; lastKnownFileType = sourcecode.swift; path = ContentView.swift; sourceTree = "<group>"; };
		C1DDBF6D249B4D5C00B378A9 /* Assets.xcassets */ = {isa = PBXFileReference; lastKnownFileType = folder.assetcatalog; path = Assets.xcassets; sourceTree = "<group>"; };
		C1DDBF70249B4D5C00B378A9 /* Preview Assets.xcassets */ = {isa = PBXFileReference; lastKnownFileType = folder.assetcatalog; path = "Preview Assets.xcassets"; sourceTree = "<group>"; };
		C1DDBF73249B4D5C00B378A9 /* Base */ = {isa = PBXFileReference; lastKnownFileType = file.storyboard; name = Base; path = Base.lproj/LaunchScreen.storyboard; sourceTree = "<group>"; };
		C1DDBF75249B4D5C00B378A9 /* Info.plist */ = {isa = PBXFileReference; lastKnownFileType = text.plist.xml; path = Info.plist; sourceTree = "<group>"; };
		C1DDBF7B249B531500B378A9 /* SwiftUIView2.swift */ = {isa = PBXFileReference; lastKnownFileType = sourcecode.swift; path = SwiftUIView2.swift; sourceTree = "<group>"; };
		C1DDBF7D249B545300B378A9 /* SwiftUIView3.swift */ = {isa = PBXFileReference; lastKnownFileType = sourcecode.swift; path = SwiftUIView3.swift; sourceTree = "<group>"; };
		C1DDBF7F249B666500B378A9 /* SwiftUIView4.swift */ = {isa = PBXFileReference; lastKnownFileType = sourcecode.swift; path = SwiftUIView4.swift; sourceTree = "<group>"; };
/* End PBXFileReference section */

/* Begin PBXFrameworksBuildPhase section */
		C1DDBF61249B4D5B00B378A9 /* Frameworks */ = {
			isa = PBXFrameworksBuildPhase;
			buildActionMask = 2147483647;
			files = (
			);
			runOnlyForDeploymentPostprocessing = 0;
		};
/* End PBXFrameworksBuildPhase section */

/* Begin PBXGroup section */
		C1DDBF5B249B4D5B00B378A9 = {
			isa = PBXGroup;
			children = (
				C1DDBF66249B4D5B00B378A9 /* chapter31Review2 */,
				C1DDBF65249B4D5B00B378A9 /* Products */,
			);
			sourceTree = "<group>";
		};
		C1DDBF65249B4D5B00B378A9 /* Products */ = {
			isa = PBXGroup;
			children = (
				C1DDBF64249B4D5B00B378A9 /* chapter31Review2.app */,
			);
			name = Products;
			sourceTree = "<group>";
		};
		C1DDBF66249B4D5B00B378A9 /* chapter31Review2 */ = {
			isa = PBXGroup;
			children = (
				C1DDBF67249B4D5B00B378A9 /* AppDelegate.swift */,
				C1DDBF69249B4D5B00B378A9 /* SceneDelegate.swift */,
				C1DDBF6B249B4D5B00B378A9 /* ContentView.swift */,
				C1DDBF7B249B531500B378A9 /* SwiftUIView2.swift */,
				C1DDBF7D249B545300B378A9 /* SwiftUIView3.swift */,
				C1DDBF7F249B666500B378A9 /* SwiftUIView4.swift */,
				C1DDBF6D249B4D5C00B378A9 /* Assets.xcassets */,
				C1DDBF72249B4D5C00B378A9 /* LaunchScreen.storyboard */,
				C1DDBF75249B4D5C00B378A9 /* Info.plist */,
				C1DDBF6F249B4D5C00B378A9 /* Preview Content */,
			);
			path = chapter31Review2;
			sourceTree = "<group>";
		};
		C1DDBF6F249B4D5C00B378A9 /* Preview Content */ = {
			isa = PBXGroup;
			children = (
				C1DDBF70249B4D5C00B378A9 /* Preview Assets.xcassets */,
			);
			path = "Preview Content";
			sourceTree = "<group>";
		};
/* End PBXGroup section */

/* Begin PBXNativeTarget section */
		C1DDBF63249B4D5B00B378A9 /* chapter31Review2 */ = {
			isa = PBXNativeTarget;
			buildConfigurationList = C1DDBF78249B4D5C00B378A9 /* Build configuration list for PBXNativeTarget "chapter31Review2" */;
			buildPhases = (
				C1DDBF60249B4D5B00B378A9 /* Sources */,
				C1DDBF61249B4D5B00B378A9 /* Frameworks */,
				C1DDBF62249B4D5B00B378A9 /* Resources */,
			);
			buildRules = (
			);
			dependencies = (
			);
			name = chapter31Review2;
			productName = chapter31Review2;
			productReference = C1DDBF64249B4D5B00B378A9 /* chapter31Review2.app */;
			productType = "com.apple.product-type.application";
		};
/* End PBXNativeTarget section */

/* Begin PBXProject section */
		C1DDBF5C249B4D5B00B378A9 /* Project object */ = {
			isa = PBXProject;
			attributes = {
				LastSwiftUpdateCheck = 1150;
				LastUpgradeCheck = 1150;
				ORGANIZATIONNAME = yht;
				TargetAttributes = {
					C1DDBF63249B4D5B00B378A9 = {
						CreatedOnToolsVersion = 11.5;
					};
				};
			};
			buildConfigurationList = C1DDBF5F249B4D5B00B378A9 /* Build configuration list for PBXProject "chapter31Review2" */;
			compatibilityVersion = "Xcode 9.3";
			developmentRegion = en;
			hasScannedForEncodings = 0;
			knownRegions = (
				en,
				Base,
			);
			mainGroup = C1DDBF5B249B4D5B00B378A9;
			productRefGroup = C1DDBF65249B4D5B00B378A9 /* Products */;
			projectDirPath = "";
			projectRoot = "";
			targets = (
				C1DDBF63249B4D5B00B378A9 /* chapter31Review2 */,
			);
		};
/* End PBXProject section */

/* Begin PBXResourcesBuildPhase section */
		C1DDBF62249B4D5B00B378A9 /* Resources */ = {
			isa = PBXResourcesBuildPhase;
			buildActionMask = 2147483647;
			files = (
				C1DDBF74249B4D5C00B378A9 /* LaunchScreen.storyboard in Resources */,
				C1DDBF71249B4D5C00B378A9 /* Preview Assets.xcassets in Resources */,
				C1DDBF6E249B4D5C00B378A9 /* Assets.xcassets in Resources */,
			);
			runOnlyForDeploymentPostprocessing = 0;
		};
/* End PBXResourcesBuildPhase section */

/* Begin PBXSourcesBuildPhase section */
		C1DDBF60249B4D5B00B378A9 /* Sources */ = {
			isa = PBXSourcesBuildPhase;
			buildActionMask = 2147483647;
			files = (
				C1DDBF68249B4D5B00B378A9 /* AppDelegate.swift in Sources */,
				C1DDBF7C249B531500B378A9 /* SwiftUIView2.swift in Sources */,
				C1DDBF7E249B545300B378A9 /* SwiftUIView3.swift in Sources */,
				C1DDBF6A249B4D5B00B378A9 /* SceneDelegate.swift in Sources */,
				C1DDBF6C249B4D5B00B378A9 /* ContentView.swift in Sources */,
				C1DDBF80249B666500B378A9 /* SwiftUIView4.swift in Sources */,
			);
			runOnlyForDeploymentPostprocessing = 0;
		};
/* End PBXSourcesBuildPhase section */

/* Begin PBXVariantGroup section */
		C1DDBF72249B4D5C00B378A9 /* LaunchScreen.storyboard */ = {
			isa = PBXVariantGroup;
			children = (
				C1DDBF73249B4D5C00B378A9 /* Base */,
			);
			name = LaunchScreen.storyboard;
			sourceTree = "<group>";
		};
/* End PBXVariantGroup section */

/* Begin XCBuildConfiguration section */
		C1DDBF76249B4D5C00B378A9 /* Debug */ = {
			isa = XCBuildConfiguration;
			buildSettings = {
				ALWAYS_SEARCH_USER_PATHS = NO;
				CLANG_ANALYZER_NONNULL = YES;
				CLANG_ANALYZER_NUMBER_OBJECT_CONVERSION = YES_AGGRESSIVE;
				CLANG_CXX_LANGUAGE_STANDARD = "gnu++14";
				CLANG_CXX_LIBRARY = "libc++";
				CLANG_ENABLE_MODULES = YES;
				CLANG_ENABLE_OBJC_ARC = YES;
				CLANG_ENABLE_OBJC_WEAK = YES;
				CLANG_WARN_BLOCK_CAPTURE_AUTORELEASING = YES;
				CLANG_WARN_BOOL_CONVERSION = YES;
				CLANG_WARN_COMMA = YES;
				CLANG_WARN_CONSTANT_CONVERSION = YES;
				CLANG_WARN_DEPRECATED_OBJC_IMPLEMENTATIONS = YES;
				CLANG_WARN_DIRECT_OBJC_ISA_USAGE = YES_ERROR;
				CLANG_WARN_DOCUMENTATION_COMMENTS = YES;
				CLANG_WARN_EMPTY_BODY = YES;
				CLANG_WARN_ENUM_CONVERSION = YES;
				CLANG_WARN_INFINITE_RECURSION = YES;
				CLANG_WARN_INT_CONVERSION = YES;
				CLANG_WARN_NON_LITERAL_NULL_CONVERSION = YES;
				CLANG_WARN_OBJC_IMPLICIT_RETAIN_SELF = YES;
				CLANG_WARN_OBJC_LITERAL_CONVERSION = YES;
				CLANG_WARN_OBJC_ROOT_CLASS = YES_ERROR;
				CLANG_WARN_RANGE_LOOP_ANALYSIS = YES;
				CLANG_WARN_STRICT_PROTOTYPES = YES;
				CLANG_WARN_SUSPICIOUS_MOVE = YES;
				CLANG_WARN_UNGUARDED_AVAILABILITY = YES_AGGRESSIVE;
				CLANG_WARN_UNREACHABLE_CODE = YES;
				CLANG_WARN__DUPLICATE_METHOD_MATCH = YES;
				COPY_PHASE_STRIP = NO;
				DEBUG_INFORMATION_FORMAT = dwarf;
				ENABLE_STRICT_OBJC_MSGSEND = YES;
				ENABLE_TESTABILITY = YES;
				GCC_C_LANGUAGE_STANDARD = gnu11;
				GCC_DYNAMIC_NO_PIC = NO;
				GCC_NO_COMMON_BLOCKS = YES;
				GCC_OPTIMIZATION_LEVEL = 0;
				GCC_PREPROCESSOR_DEFINITIONS = (
					"DEBUG=1",
					"$(inherited)",
				);
				GCC_WARN_64_TO_32_BIT_CONVERSION = YES;
				GCC_WARN_ABOUT_RETURN_TYPE = YES_ERROR;
				GCC_WARN_UNDECLARED_SELECTOR = YES;
				GCC_WARN_UNINITIALIZED_AUTOS = YES_AGGRESSIVE;
				GCC_WARN_UNUSED_FUNCTION = YES;
				GCC_WARN_UNUSED_VARIABLE = YES;
				IPHONEOS_DEPLOYMENT_TARGET = 13.5;
				MTL_ENABLE_DEBUG_INFO = INCLUDE_SOURCE;
				MTL_FAST_MATH = YES;
				ONLY_ACTIVE_ARCH = YES;
				SDKROOT = iphoneos;
				SWIFT_ACTIVE_COMPILATION_CONDITIONS = DEBUG;
				SWIFT_OPTIMIZATION_LEVEL = "-Onone";
			};
			name = Debug;
		};
		C1DDBF77249B4D5C00B378A9 /* Release */ = {
			isa = XCBuildConfiguration;
			buildSettings = {
				ALWAYS_SEARCH_USER_PATHS = NO;
				CLANG_ANALYZER_NONNULL = YES;
				CLANG_ANALYZER_NUMBER_OBJECT_CONVERSION = YES_AGGRESSIVE;
				CLANG_CXX_LANGUAGE_STANDARD = "gnu++14";
				CLANG_CXX_LIBRARY = "libc++";
				CLANG_ENABLE_MODULES = YES;
				CLANG_ENABLE_OBJC_ARC = YES;
				CLANG_ENABLE_OBJC_WEAK = YES;
				CLANG_WARN_BLOCK_CAPTURE_AUTORELEASING = YES;
				CLANG_WARN_BOOL_CONVERSION = YES;
				CLANG_WARN_COMMA = YES;
				CLANG_WARN_CONSTANT_CONVERSION = YES;
				CLANG_WARN_DEPRECATED_OBJC_IMPLEMENTATIONS = YES;
				CLANG_WARN_DIRECT_OBJC_ISA_USAGE = YES_ERROR;
				CLANG_WARN_DOCUMENTATION_COMMENTS = YES;
				CLANG_WARN_EMPTY_BODY = YES;
				CLANG_WARN_ENUM_CONVERSION = YES;
				CLANG_WARN_INFINITE_RECURSION = YES;
				CLANG_WARN_INT_CONVERSION = YES;
				CLANG_WARN_NON_LITERAL_NULL_CONVERSION = YES;
				CLANG_WARN_OBJC_IMPLICIT_RETAIN_SELF = YES;
				CLANG_WARN_OBJC_LITERAL_CONVERSION = YES;
				CLANG_WARN_OBJC_ROOT_CLASS = YES_ERROR;
				CLANG_WARN_RANGE_LOOP_ANALYSIS = YES;
				CLANG_WARN_STRICT_PROTOTYPES = YES;
				CLANG_WARN_SUSPICIOUS_MOVE = YES;
				CLANG_WARN_UNGUARDED_AVAILABILITY = YES_AGGRESSIVE;
				CLANG_WARN_UNREACHABLE_CODE = YES;
				CLANG_WARN__DUPLICATE_METHOD_MATCH = YES;
				COPY_PHASE_STRIP = NO;
				DEBUG_INFORMATION_FORMAT = "dwarf-with-dsym";
				ENABLE_NS_ASSERTIONS = NO;
				ENABLE_STRICT_OBJC_MSGSEND = YES;
				GCC_C_LANGUAGE_STANDARD = gnu11;
				GCC_NO_COMMON_BLOCKS = YES;
				GCC_WARN_64_TO_32_BIT_CONVERSION = YES;
				GCC_WARN_ABOUT_RETURN_TYPE = YES_ERROR;
				GCC_WARN_UNDECLARED_SELECTOR = YES;
				GCC_WARN_UNINITIALIZED_AUTOS = YES_AGGRESSIVE;
				GCC_WARN_UNUSED_FUNCTION = YES;
				GCC_WARN_UNUSED_VARIABLE = YES;
				IPHONEOS_DEPLOYMENT_TARGET = 13.5;
				MTL_ENABLE_DEBUG_INFO = NO;
				MTL_FAST_MATH = YES;
				SDKROOT = iphoneos;
				SWIFT_COMPILATION_MODE = wholemodule;
				SWIFT_OPTIMIZATION_LEVEL = "-O";
				VALIDATE_PRODUCT = YES;
			};
			name = Release;
		};
		C1DDBF79249B4D5C00B378A9 /* Debug */ = {
			isa = XCBuildConfiguration;
			buildSettings = {
				ASSETCATALOG_COMPILER_APPICON_NAME = AppIcon;
				CODE_SIGN_STYLE = Automatic;
				DEVELOPMENT_ASSET_PATHS = "\"chapter31Review2/Preview Content\"";
				DEVELOPMENT_TEAM = 828N6YH57L;
				ENABLE_PREVIEWS = YES;
				INFOPLIST_FILE = chapter31Review2/Info.plist;
				LD_RUNPATH_SEARCH_PATHS = (
					"$(inherited)",
					"@executable_path/Frameworks",
				);
				PRODUCT_BUNDLE_IDENTIFIER = Yang.org.chapter31Review2;
				PRODUCT_NAME = "$(TARGET_NAME)";
				SWIFT_VERSION = 5.0;
				TARGETED_DEVICE_FAMILY = "1,2";
			};
			name = Debug;
		};
		C1DDBF7A249B4D5C00B378A9 /* Release */ = {
			isa = XCBuildConfiguration;
			buildSettings = {
				ASSETCATALOG_COMPILER_APPICON_NAME = AppIcon;
				CODE_SIGN_STYLE = Automatic;
				DEVELOPMENT_ASSET_PATHS = "\"chapter31Review2/Preview Content\"";
				DEVELOPMENT_TEAM = 828N6YH57L;
				ENABLE_PREVIEWS = YES;
				INFOPLIST_FILE = chapter31Review2/Info.plist;
				LD_RUNPATH_SEARCH_PATHS = (
					"$(inherited)",
					"@executable_path/Frameworks",
				);
				PRODUCT_BUNDLE_IDENTIFIER = Yang.org.chapter31Review2;
				PRODUCT_NAME = "$(TARGET_NAME)";
				SWIFT_VERSION = 5.0;
				TARGETED_DEVICE_FAMILY = "1,2";
			};
			name = Release;
		};
/* End XCBuildConfiguration section */

/* Begin XCConfigurationList section */
		C1DDBF5F249B4D5B00B378A9 /* Build configuration list for PBXProject "chapter31Review2" */ = {
			isa = XCConfigurationList;
			buildConfigurations = (
				C1DDBF76249B4D5C00B378A9 /* Debug */,
				C1DDBF77249B4D5C00B378A9 /* Release */,
			);
			defaultConfigurationIsVisible = 0;
			defaultConfigurationName = Release;
		};
		C1DDBF78249B4D5C00B378A9 /* Build configuration list for PBXNativeTarget "chapter31Review2" */ = {
			isa = XCConfigurationList;
			buildConfigurations = (
				C1DDBF79249B4D5C00B378A9 /* Debug */,
				C1DDBF7A249B4D5C00B378A9 /* Release */,
			);
			defaultConfigurationIsVisible = 0;
			defaultConfigurationName = Release;
		};
/* End XCConfigurationList section */
	};
	rootObject = C1DDBF5C249B4D5B00B378A9 /* Project object */;
}
